
Microsoft Visual Studio Solution File, Format Version 12.00
# Visual Studio Version 17
VisualStudioVersion = 17.5.002.0
MinimumVisualStudioVersion = 10.0.40219.1
Project("{9A19103F-16F7-4668-BE54-9A1E7A4F7556}") = "osu!helper", "osu!helper.csproj", "{E33C04E1-2FDE-4484-B7E8-E0D43CFBCBF4}"
EndProject
Global
	GlobalSection(SolutionConfigurationPlatforms) = preSolution
		Debug|Any CPU = Debug|Any CPU
		Release|Any CPU = Release|Any CPU
	EndGlobalSection
	GlobalSection(ProjectConfigurationPlatforms) = postSolution
		{E33C04E1-2FDE-4484-B7E8-E0D43CFBCBF4}.Debug|Any CPU.ActiveCfg = Debug|Any CPU
		{E33C04E1-2FDE-4484-B7E8-E0D43CFBCBF4}.Debug|Any CPU.Build.0 = Debug|Any CPU
		{E33C04E1-2FDE-4484-B7E8-E0D43CFBCBF4}.Release|Any CPU.ActiveCfg = Release|Any CPU
		{E33C04E1-2FDE-4484-B7E8-E0D43CFBCBF4}.Release|Any CPU.Build.0 = Release|Any CPU
	EndGlobalSection
	GlobalSection(SolutionProperties) = preSolution
		HideSolutionNode = FALSE
	EndGlobalSection
	GlobalSection(ExtensibilityGlobals) = postSolution
		SolutionGuid = {45C2FCCC-716B-41A7-B9E4-FBC12A907405}
	EndGlobalSection
EndGlobal
